
Microsoft Visual Studio Solution File, Format Version 12.00
# Visual Studio Version 17
VisualStudioVersion = 17.10.34916.146
MinimumVisualStudioVersion = 10.0.40219.1
Project("{FAE04EC0-301F-11D3-BF4B-00C04F79EFBC}") = "BasicCRUD", "BasicCRUD\BasicCRUD.csproj", "{4138DD82-B4D9-4F2D-AD88-7BAE160C04E0}"
EndProject
Project("{FAE04EC0-301F-11D3-BF4B-00C04F79EFBC}") = "BLL", "BLL\BLL.csproj", "{5E6911AF-A8DF-45D2-8C61-60B327013484}"
EndProject
Project("{FAE04EC0-301F-11D3-BF4B-00C04F79EFBC}") = "DAL", "DAL\DAL.csproj", "{833DEF43-74B2-4E79-BEA2-9A63E917C437}"
EndProject
Global
	GlobalSection(SolutionConfigurationPlatforms) = preSolution
		Debug|Any CPU = Debug|Any CPU
		Release|Any CPU = Release|Any CPU
	EndGlobalSection
	GlobalSection(ProjectConfigurationPlatforms) = postSolution
		{4138DD82-B4D9-4F2D-AD88-7BAE160C04E0}.Debug|Any CPU.ActiveCfg = Debug|Any CPU
		{4138DD82-B4D9-4F2D-AD88-7BAE160C04E0}.Debug|Any CPU.Build.0 = Debug|Any CPU
		{4138DD82-B4D9-4F2D-AD88-7BAE160C04E0}.Release|Any CPU.ActiveCfg = Release|Any CPU
		{4138DD82-B4D9-4F2D-AD88-7BAE160C04E0}.Release|Any CPU.Build.0 = Release|Any CPU
		{5E6911AF-A8DF-45D2-8C61-60B327013484}.Debug|Any CPU.ActiveCfg = Debug|Any CPU
		{5E6911AF-A8DF-45D2-8C61-60B327013484}.Debug|Any CPU.Build.0 = Debug|Any CPU
		{5E6911AF-A8DF-45D2-8C61-60B327013484}.Release|Any CPU.ActiveCfg = Release|Any CPU
		{5E6911AF-A8DF-45D2-8C61-60B327013484}.Release|Any CPU.Build.0 = Release|Any CPU
		{833DEF43-74B2-4E79-BEA2-9A63E917C437}.Debug|Any CPU.ActiveCfg = Debug|Any CPU
		{833DEF43-74B2-4E79-BEA2-9A63E917C437}.Debug|Any CPU.Build.0 = Debug|Any CPU
		{833DEF43-74B2-4E79-BEA2-9A63E917C437}.Release|Any CPU.ActiveCfg = Release|Any CPU
		{833DEF43-74B2-4E79-BEA2-9A63E917C437}.Release|Any CPU.Build.0 = Release|Any CPU
	EndGlobalSection
	GlobalSection(SolutionProperties) = preSolution
		HideSolutionNode = FALSE
	EndGlobalSection
	GlobalSection(ExtensibilityGlobals) = postSolution
		SolutionGuid = {32C0C8FF-6208-47B0-8CA2-E21537C92B40}
	EndGlobalSection
EndGlobal
